
Microsoft Visual Studio Solution File, Format Version 12.00
# Visual Studio 15
VisualStudioVersion = 15.0.27703.2026
MinimumVisualStudioVersion = 10.0.40219.1
Project("{FAE04EC0-301F-11D3-BF4B-00C04F79EFBC}") = "BBSolarOMS", "BBSolarOMS\BBSolarOMS.csproj", "{2619F188-8AA0-4EF9-97D5-4E276DA78C5E}"
EndProject
Global
	GlobalSection(SolutionConfigurationPlatforms) = preSolution
		Debug|Any CPU = Debug|Any CPU
		Release|Any CPU = Release|Any CPU
	EndGlobalSection
	GlobalSection(ProjectConfigurationPlatforms) = postSolution
		{2619F188-8AA0-4EF9-97D5-4E276DA78C5E}.Debug|Any CPU.ActiveCfg = Debug|Any CPU
		{2619F188-8AA0-4EF9-97D5-4E276DA78C5E}.Debug|Any CPU.Build.0 = Debug|Any CPU
		{2619F188-8AA0-4EF9-97D5-4E276DA78C5E}.Release|Any CPU.ActiveCfg = Release|Any CPU
		{2619F188-8AA0-4EF9-97D5-4E276DA78C5E}.Release|Any CPU.Build.0 = Release|Any CPU
	EndGlobalSection
	GlobalSection(SolutionProperties) = preSolution
		HideSolutionNode = FALSE
	EndGlobalSection
	GlobalSection(ExtensibilityGlobals) = postSolution
		SolutionGuid = {C1A3E231-B684-48F9-9B0F-CDA6D8F43CCA}
	EndGlobalSection
EndGlobal
